
Microsoft Visual Studio Solution File, Format Version 12.00
# Visual Studio Version 17
VisualStudioVersion = 17.3.32922.545
MinimumVisualStudioVersion = 10.0.40219.1
Project("{FAE04EC0-301F-11D3-BF4B-00C04F79EFBC}") = "DataStructure", "DataStructure\DataStructure.csproj", "{2FF5E25F-CB53-454A-9430-D2DB868ED5E8}"
EndProject
Global
	GlobalSection(SolutionConfigurationPlatforms) = preSolution
		Debug|Any CPU = Debug|Any CPU
		Release|Any CPU = Release|Any CPU
	EndGlobalSection
	GlobalSection(ProjectConfigurationPlatforms) = postSolution
		{2FF5E25F-CB53-454A-9430-D2DB868ED5E8}.Debug|Any CPU.ActiveCfg = Debug|Any CPU
		{2FF5E25F-CB53-454A-9430-D2DB868ED5E8}.Debug|Any CPU.Build.0 = Debug|Any CPU
		{2FF5E25F-CB53-454A-9430-D2DB868ED5E8}.Release|Any CPU.ActiveCfg = Release|Any CPU
		{2FF5E25F-CB53-454A-9430-D2DB868ED5E8}.Release|Any CPU.Build.0 = Release|Any CPU
	EndGlobalSection
	GlobalSection(SolutionProperties) = preSolution
		HideSolutionNode = FALSE
	EndGlobalSection
	GlobalSection(ExtensibilityGlobals) = postSolution
		SolutionGuid = {1A57E6FB-29C9-491E-92C5-8FF00A0E31BD}
	EndGlobalSection
EndGlobal
